
Microsoft Visual Studio Solution File, Format Version 12.00
# Visual Studio Version 17
VisualStudioVersion = 17.12.35707.178 d17.12
MinimumVisualStudioVersion = 10.0.40219.1
Project("{FAE04EC0-301F-11D3-BF4B-00C04F79EFBC}") = "AngularApp.Server", "AngularApp.Server\AngularApp.Server.csproj", "{9F6686C7-BF07-46B8-9A23-9F162565F2C8}"
EndProject
Project("{54A90642-561A-4BB1-A94E-469ADEE60C69}") = "angularapp.client", "angularapp.client\angularapp.client.esproj", "{3BCC3DA2-9262-445D-BC95-82F6FE6DF610}"
EndProject
Global
	GlobalSection(SolutionConfigurationPlatforms) = preSolution
		Debug|Any CPU = Debug|Any CPU
		Release|Any CPU = Release|Any CPU
	EndGlobalSection
	GlobalSection(ProjectConfigurationPlatforms) = postSolution
		{9F6686C7-BF07-46B8-9A23-9F162565F2C8}.Debug|Any CPU.ActiveCfg = Debug|Any CPU
		{9F6686C7-BF07-46B8-9A23-9F162565F2C8}.Debug|Any CPU.Build.0 = Debug|Any CPU
		{9F6686C7-BF07-46B8-9A23-9F162565F2C8}.Release|Any CPU.ActiveCfg = Release|Any CPU
		{9F6686C7-BF07-46B8-9A23-9F162565F2C8}.Release|Any CPU.Build.0 = Release|Any CPU
		{3BCC3DA2-9262-445D-BC95-82F6FE6DF610}.Debug|Any CPU.ActiveCfg = Debug|Any CPU
		{3BCC3DA2-9262-445D-BC95-82F6FE6DF610}.Debug|Any CPU.Build.0 = Debug|Any CPU
		{3BCC3DA2-9262-445D-BC95-82F6FE6DF610}.Debug|Any CPU.Deploy.0 = Debug|Any CPU
		{3BCC3DA2-9262-445D-BC95-82F6FE6DF610}.Release|Any CPU.ActiveCfg = Release|Any CPU
		{3BCC3DA2-9262-445D-BC95-82F6FE6DF610}.Release|Any CPU.Build.0 = Release|Any CPU
		{3BCC3DA2-9262-445D-BC95-82F6FE6DF610}.Release|Any CPU.Deploy.0 = Release|Any CPU
	EndGlobalSection
	GlobalSection(SolutionProperties) = preSolution
		HideSolutionNode = FALSE
	EndGlobalSection
EndGlobal
